
Microsoft Visual Studio Solution File, Format Version 12.00
# Visual Studio Version 17
VisualStudioVersion = 17.11.35303.130
MinimumVisualStudioVersion = 10.0.40219.1
Project("{9A19103F-16F7-4668-BE54-9A1E7A4F7556}") = "ConsoleApp1", "ConsoleApp1\ConsoleApp1.csproj", "{A49A7827-7244-45A3-8D39-F8D1B8060370}"
EndProject
Global
	GlobalSection(SolutionConfigurationPlatforms) = preSolution
		Debug|Any CPU = Debug|Any CPU
		Release|Any CPU = Release|Any CPU
	EndGlobalSection
	GlobalSection(ProjectConfigurationPlatforms) = postSolution
		{A49A7827-7244-45A3-8D39-F8D1B8060370}.Debug|Any CPU.ActiveCfg = Debug|Any CPU
		{A49A7827-7244-45A3-8D39-F8D1B8060370}.Debug|Any CPU.Build.0 = Debug|Any CPU
		{A49A7827-7244-45A3-8D39-F8D1B8060370}.Release|Any CPU.ActiveCfg = Release|Any CPU
		{A49A7827-7244-45A3-8D39-F8D1B8060370}.Release|Any CPU.Build.0 = Release|Any CPU
	EndGlobalSection
	GlobalSection(SolutionProperties) = preSolution
		HideSolutionNode = FALSE
	EndGlobalSection
	GlobalSection(ExtensibilityGlobals) = postSolution
		SolutionGuid = {D41855CF-6358-4771-A453-7E6D77D6D39A}
	EndGlobalSection
EndGlobal
